
Microsoft Visual Studio Solution File, Format Version 12.00
# Visual Studio Version 17
VisualStudioVersion = 17.10.35122.118
MinimumVisualStudioVersion = 10.0.40219.1
Project("{9A19103F-16F7-4668-BE54-9A1E7A4F7556}") = "Employee Population Calculator", "Employee Population Calculator.csproj", "{B86C89CB-D548-4F8B-8A99-3DB843A5D4FD}"
EndProject
Global
	GlobalSection(SolutionConfigurationPlatforms) = preSolution
		Debug|Any CPU = Debug|Any CPU
		Release|Any CPU = Release|Any CPU
	EndGlobalSection
	GlobalSection(ProjectConfigurationPlatforms) = postSolution
		{B86C89CB-D548-4F8B-8A99-3DB843A5D4FD}.Debug|Any CPU.ActiveCfg = Debug|Any CPU
		{B86C89CB-D548-4F8B-8A99-3DB843A5D4FD}.Debug|Any CPU.Build.0 = Debug|Any CPU
		{B86C89CB-D548-4F8B-8A99-3DB843A5D4FD}.Release|Any CPU.ActiveCfg = Release|Any CPU
		{B86C89CB-D548-4F8B-8A99-3DB843A5D4FD}.Release|Any CPU.Build.0 = Release|Any CPU
	EndGlobalSection
	GlobalSection(SolutionProperties) = preSolution
		HideSolutionNode = FALSE
	EndGlobalSection
	GlobalSection(ExtensibilityGlobals) = postSolution
		SolutionGuid = {5BDB8069-2B7D-45F4-8F0C-D3D79E49A2AF}
	EndGlobalSection
EndGlobal
